{
  "version": 4,
  "terraform_version": "1.1.2",
  "serial": 23,
  "lineage": "fc51c050-dffb-f790-3148-d8c29229f1b3",
  "outputs": {},
  "resources": [
    {
      "mode": "managed",
      "type": "google_compute_firewall",
      "name": "ssh-rule",
      "provider": "provider[\"registry.terraform.io/hashicorp/google\"]",
      "instances": [
        {
          "schema_version": 1,
          "attributes": {
            "allow": [
              {
                "ports": [
                  "22"
                ],
                "protocol": "tcp"
              }
            ],
            "creation_timestamp": "2022-01-07T02:49:11.501-08:00",
            "deny": [],
            "description": "",
            "destination_ranges": [],
            "direction": "INGRESS",
            "disabled": false,
            "enable_logging": null,
            "id": "projects/kubernetesgcp-334613/global/firewalls/demo-ssh",
            "log_config": [],
            "name": "demo-ssh",
            "network": "https://www.googleapis.com/compute/v1/projects/kubernetesgcp-334613/global/networks/testvpc",
            "priority": 1000,
            "project": "kubernetesgcp-334613",
            "self_link": "https://www.googleapis.com/compute/v1/projects/kubernetesgcp-334613/global/firewalls/demo-ssh",
            "source_ranges": [
              "0.0.0.0/0"
            ],
            "source_service_accounts": [],
            "source_tags": [],
            "target_service_accounts": [],
            "target_tags": [
              "vm_instance"
            ],
            "timeouts": null
          },
          "sensitive_attributes": [],
          "private": "eyJlMmJmYjczMC1lY2FhLTExZTYtOGY4OC0zNDM2M2JjN2M0YzAiOnsiY3JlYXRlIjoyNDAwMDAwMDAwMDAsImRlbGV0ZSI6MjQwMDAwMDAwMDAwLCJ1cGRhdGUiOjI0MDAwMDAwMDAwMH0sInNjaGVtYV92ZXJzaW9uIjoiMSJ9",
          "dependencies": [
            "google_compute_network.vpc_network"
          ]
        }
      ]
    },
    {
      "mode": "managed",
      "type": "google_compute_instance",
      "name": "vm_instance",
      "provider": "provider[\"registry.terraform.io/hashicorp/google\"]",
      "instances": [
        {
          "schema_version": 6,
          "attributes": {
            "advanced_machine_features": [],
            "allow_stopping_for_update": null,
            "attached_disk": [],
            "boot_disk": [
              {
                "auto_delete": true,
                "device_name": "persistent-disk-0",
                "disk_encryption_key_raw": "",
                "disk_encryption_key_sha256": "",
                "initialize_params": [
                  {
                    "image": "https://www.googleapis.com/compute/v1/projects/debian-cloud/global/images/debian-9-stretch-v20211209",
                    "labels": {},
                    "size": 10,
                    "type": "pd-standard"
                  }
                ],
                "kms_key_self_link": "",
                "mode": "READ_WRITE",
                "source": "https://www.googleapis.com/compute/v1/projects/kubernetesgcp-334613/zones/us-east1-b/disks/test"
              }
            ],
            "can_ip_forward": false,
            "confidential_instance_config": [],
            "cpu_platform": "Intel Haswell",
            "current_status": "RUNNING",
            "deletion_protection": false,
            "description": "",
            "desired_status": null,
            "enable_display": false,
            "guest_accelerator": [],
            "hostname": "",
            "id": "projects/kubernetesgcp-334613/zones/us-east1-b/instances/test",
            "instance_id": "6527355119144906082",
            "label_fingerprint": "42WmSpB8rSM=",
            "labels": {},
            "machine_type": "f1-micro",
            "metadata": {
              "ssh-keys": "pani:ssh-rsa AAAAB3NzaC1yc2EAAAADAQABAAABgQC0rysJWAm9XDxuVXt/btfUkwsfHvPhJTHH3FxDaZpxGHN+Njh5/7JpJ9iDlFF1pHQ8OP+v4H8dqGG6ceLG4yEfUGiKHS8rNYNlso6H77EUilxLBHyXYfVy8JXVv/ie/UQKp5XIFLo/vJMlL0/bGmW084qeGgbAh1d4UVZ7afoS8sgHmv8BSIzb79OkfvjtDoSsM2j5gGQQb+P7Kw4fmA3zbDc9DfexuayCpBnq+EoegC7ItFZQS3KEJoQYNfnOUT5XdnU/VcC/oGYzujICdtV1Y5wxEXwjZoCoUdTDJ/2cnlPPmZZdCLPEZE3Qz1WqXeKxRM4X04xilUeIC2OmMqtTzOtGKN4YJAheaDfy3M9Gwkxi07I4C4VeuceDaZ779yadPYMtMJpvMG4++/JIGaRxZ+Al/X7+QYFJ8gG9Glkahlm5XpF5d4TypCNHIzDTpCCjdauPiudE/BDFZ5rVx4jRxGDvZ+aWCuQbz8tlAz3LS3ppIDHnqyPE77apR+h1/5k= pani@vm-test\n"
            },
            "metadata_fingerprint": "LmfwuijvJFs=",
            "metadata_startup_script": null,
            "min_cpu_platform": "",
            "name": "test",
            "network_interface": [
              {
                "access_config": [
                  {
                    "nat_ip": "35.185.42.108",
                    "network_tier": "PREMIUM",
                    "public_ptr_domain_name": ""
                  }
                ],
                "alias_ip_range": [],
                "ipv6_access_config": [],
                "ipv6_access_type": "",
                "name": "nic0",
                "network": "https://www.googleapis.com/compute/v1/projects/kubernetesgcp-334613/global/networks/testvpc",
                "network_ip": "10.142.0.2",
                "nic_type": "",
                "queue_count": 0,
                "stack_type": "IPV4_ONLY",
                "subnetwork": "https://www.googleapis.com/compute/v1/projects/kubernetesgcp-334613/regions/us-east1/subnetworks/testvpc",
                "subnetwork_project": "kubernetesgcp-334613"
              }
            ],
            "project": "kubernetesgcp-334613",
            "reservation_affinity": [],
            "resource_policies": [],
            "scheduling": [
              {
                "automatic_restart": true,
                "min_node_cpus": 0,
                "node_affinities": [],
                "on_host_maintenance": "MIGRATE",
                "preemptible": false
              }
            ],
            "scratch_disk": [],
            "self_link": "https://www.googleapis.com/compute/v1/projects/kubernetesgcp-334613/zones/us-east1-b/instances/test",
            "service_account": [],
            "shielded_instance_config": [],
            "tags": [
              "vm_instance"
            ],
            "tags_fingerprint": "42WmSpB8rSM=",
            "timeouts": null,
            "zone": "us-east1-b"
          },
          "sensitive_attributes": [],
          "private": "eyJlMmJmYjczMC1lY2FhLTExZTYtOGY4OC0zNDM2M2JjN2M0YzAiOnsiY3JlYXRlIjoxMjAwMDAwMDAwMDAwLCJkZWxldGUiOjEyMDAwMDAwMDAwMDAsInVwZGF0ZSI6MTIwMDAwMDAwMDAwMH0sInNjaGVtYV92ZXJzaW9uIjoiNiJ9",
          "dependencies": [
            "google_compute_network.vpc_network"
          ]
        }
      ]
    },
    {
      "mode": "managed",
      "type": "google_compute_network",
      "name": "vpc_network",
      "provider": "provider[\"registry.terraform.io/hashicorp/google\"]",
      "instances": [
        {
          "schema_version": 0,
          "attributes": {
            "auto_create_subnetworks": true,
            "delete_default_routes_on_create": false,
            "description": "",
            "gateway_ipv4": "",
            "id": "projects/kubernetesgcp-334613/global/networks/testvpc",
            "mtu": 0,
            "name": "testvpc",
            "project": "kubernetesgcp-334613",
            "routing_mode": "REGIONAL",
            "self_link": "https://www.googleapis.com/compute/v1/projects/kubernetesgcp-334613/global/networks/testvpc",
            "timeouts": null
          },
          "sensitive_attributes": [],
          "private": "eyJlMmJmYjczMC1lY2FhLTExZTYtOGY4OC0zNDM2M2JjN2M0YzAiOnsiY3JlYXRlIjoyNDAwMDAwMDAwMDAsImRlbGV0ZSI6MjQwMDAwMDAwMDAwLCJ1cGRhdGUiOjI0MDAwMDAwMDAwMH19"
        }
      ]
    }
  ]
}
